
Microsoft Visual Studio Solution File, Format Version 12.00
# Visual Studio 15
VisualStudioVersion = 15.0.28307.902
MinimumVisualStudioVersion = 10.0.40219.1
Project("{FAE04EC0-301F-11D3-BF4B-00C04F79EFBC}") = "yazlab2", "yazlab2\yazlab2.csproj", "{890C8195-8612-4E08-B7C4-2D66289FC09B}"
EndProject
Global
	GlobalSection(SolutionConfigurationPlatforms) = preSolution
		Debug|Any CPU = Debug|Any CPU
		Release|Any CPU = Release|Any CPU
	EndGlobalSection
	GlobalSection(ProjectConfigurationPlatforms) = postSolution
		{890C8195-8612-4E08-B7C4-2D66289FC09B}.Debug|Any CPU.ActiveCfg = Debug|Any CPU
		{890C8195-8612-4E08-B7C4-2D66289FC09B}.Debug|Any CPU.Build.0 = Debug|Any CPU
		{890C8195-8612-4E08-B7C4-2D66289FC09B}.Release|Any CPU.ActiveCfg = Release|Any CPU
		{890C8195-8612-4E08-B7C4-2D66289FC09B}.Release|Any CPU.Build.0 = Release|Any CPU
	EndGlobalSection
	GlobalSection(SolutionProperties) = preSolution
		HideSolutionNode = FALSE
	EndGlobalSection
	GlobalSection(ExtensibilityGlobals) = postSolution
		SolutionGuid = {82BB3DC0-C032-44F9-96A1-8C27D5F6ED3F}
	EndGlobalSection
EndGlobal
